
Microsoft Visual Studio Solution File, Format Version 12.00
# Visual Studio Version 16
VisualStudioVersion = 16.0.31205.134
MinimumVisualStudioVersion = 10.0.40219.1
Project("{9A19103F-16F7-4668-BE54-9A1E7A4F7556}") = "OOP_EmployeeWage", "FinalUSeCase_Emp\OOP_EmployeeWage.csproj", "{C391E631-C489-4C39-887A-D1C0D87192B0}"
EndProject
Global
	GlobalSection(SolutionConfigurationPlatforms) = preSolution
		Debug|Any CPU = Debug|Any CPU
		Release|Any CPU = Release|Any CPU
	EndGlobalSection
	GlobalSection(ProjectConfigurationPlatforms) = postSolution
		{C391E631-C489-4C39-887A-D1C0D87192B0}.Debug|Any CPU.ActiveCfg = Debug|Any CPU
		{C391E631-C489-4C39-887A-D1C0D87192B0}.Debug|Any CPU.Build.0 = Debug|Any CPU
		{C391E631-C489-4C39-887A-D1C0D87192B0}.Release|Any CPU.ActiveCfg = Release|Any CPU
		{C391E631-C489-4C39-887A-D1C0D87192B0}.Release|Any CPU.Build.0 = Release|Any CPU
	EndGlobalSection
	GlobalSection(SolutionProperties) = preSolution
		HideSolutionNode = FALSE
	EndGlobalSection
	GlobalSection(ExtensibilityGlobals) = postSolution
		SolutionGuid = {6A200331-F095-47BC-A970-181296ACFD2C}
	EndGlobalSection
EndGlobal
